
Microsoft Visual Studio Solution File, Format Version 12.00
# Visual Studio 14
VisualStudioVersion = 14.0.24720.0
MinimumVisualStudioVersion = 10.0.40219.1
Project("{FAE04EC0-301F-11D3-BF4B-00C04F79EFBC}") = "HelloWorld", "HelloWorld\HelloWorld.csproj", "{72A29FE9-8802-4952-8885-2DCE6274CDAD}"
EndProject
Project("{FAE04EC0-301F-11D3-BF4B-00C04F79EFBC}") = "SimpleStackPanel", "SimpleStackPanel\SimpleStackPanel.csproj", "{7C49D446-3279-4819-903C-E350AF382B65}"
EndProject
Project("{FAE04EC0-301F-11D3-BF4B-00C04F79EFBC}") = "LaudableLayoutChallange", "LaudableLayoutChallange\LaudableLayoutChallange.csproj", "{AECD99F3-3EE8-4930-9D74-6C6B6572BE21}"
EndProject
Project("{FAE04EC0-301F-11D3-BF4B-00C04F79EFBC}") = "LegendaryLayoutChallange", "LegendaryLayoutChallange\LegendaryLayoutChallange.csproj", "{682CB582-91F3-45B9-BDED-08B166C734E7}"
EndProject
Project("{FAE04EC0-301F-11D3-BF4B-00C04F79EFBC}") = "LaboriousLayoutChallange", "LaboriousLayoutChallange\LaboriousLayoutChallange.csproj", "{716A1F61-7612-4F09-81C6-B4C466AA1D4B}"
EndProject
Project("{FAE04EC0-301F-11D3-BF4B-00C04F79EFBC}") = "RelativePanel-And-SplitView", "RelativePanel-And-SplitView\RelativePanel-And-SplitView.csproj", "{DEE5427F-BA80-4BF9-BCEE-8B1D820F2F02}"
EndProject
Project("{FAE04EC0-301F-11D3-BF4B-00C04F79EFBC}") = "NavigationExample-Tutorial", "NavigationExample-Tutorial\NavigationExample-Tutorial.csproj", "{AAA0192D-2FD1-4F1C-B78F-E180FB1BC8D2}"
EndProject
Project("{FAE04EC0-301F-11D3-BF4B-00C04F79EFBC}") = "ControlsExamplepart1", "ControlsExamplepart1\ControlsExamplepart1.csproj", "{C04C0D7D-9BE3-4B0C-B85F-CC6EE757C62A}"
EndProject
Project("{FAE04EC0-301F-11D3-BF4B-00C04F79EFBC}") = "SimpleHamburger-tutorial", "SimpleHamburger-tutorial\SimpleHamburger-tutorial.csproj", "{685DAE77-5E38-4D29-8C49-6199C2E4FA83}"
EndProject
Project("{FAE04EC0-301F-11D3-BF4B-00C04F79EFBC}") = "HamburgerHeavenChallange", "HamburgerHeavenChallange\HamburgerHeavenChallange.csproj", "{358E7870-FBF9-41DB-8BC8-A854C9F9A931}"
EndProject
Project("{FAE04EC0-301F-11D3-BF4B-00C04F79EFBC}") = "ControlsExamplePart2", "ControlsExamplePart2\ControlsExamplePart2.csproj", "{0CF9531B-F0D3-47F4-80FA-658699942D55}"
EndProject
Project("{FAE04EC0-301F-11D3-BF4B-00C04F79EFBC}") = "ScrollViewerExample", "ScrollViewerExample\ScrollViewerExample.csproj", "{C35DC20D-CB0E-4DE3-9B6D-C1FD6670BB62}"
EndProject
Project("{FAE04EC0-301F-11D3-BF4B-00C04F79EFBC}") = "CanvasAndShapes", "CanvasAndShapes\CanvasAndShapes.csproj", "{5944A384-E219-4B0D-9569-149C141883B2}"
EndProject
Project("{FAE04EC0-301F-11D3-BF4B-00C04F79EFBC}") = "XAMLResources", "XAMLResources\XAMLResources.csproj", "{9A6D4871-0565-4441-9836-5FE5186E84EE}"
EndProject
Project("{FAE04EC0-301F-11D3-BF4B-00C04F79EFBC}") = "ThemesResources", "ThemesResources\ThemesResources.csproj", "{58D8895F-7B8B-4269-9066-BB934BFC01EC}"
EndProject
Project("{FAE04EC0-301F-11D3-BF4B-00C04F79EFBC}") = "SimpleVisualStateTriggerExample", "SimpleVisualStateTriggerExample\SimpleVisualStateTriggerExample.csproj", "{1F76FD2E-95BD-496B-BCC6-D1D33BD75C41}"
EndProject
Project("{FAE04EC0-301F-11D3-BF4B-00C04F79EFBC}") = "AdaptiveLayoutExample", "AdaptiveLayoutExample\AdaptiveLayoutExample.csproj", "{76ED775B-1B55-47D7-8324-3E62504FC64A}"
EndProject
Project("{FAE04EC0-301F-11D3-BF4B-00C04F79EFBC}") = "xBindDataExample", "xBindDataExample\xBindDataExample.csproj", "{BD753C7B-67A7-4445-93BA-481087A1A9E3}"
EndProject
Project("{FAE04EC0-301F-11D3-BF4B-00C04F79EFBC}") = "ObservableCollectionExample", "ObservableCollectionExample\ObservableCollectionExample.csproj", "{904A60AB-1B56-45AB-A947-6D84B75F2082}"
EndProject
Project("{FAE04EC0-301F-11D3-BF4B-00C04F79EFBC}") = "UserControlDataTemplate", "UserControlDataTemplate\UserControlDataTemplate.csproj", "{D0E24439-57A7-47F3-99A5-E563060520E7}"
EndProject
Project("{FAE04EC0-301F-11D3-BF4B-00C04F79EFBC}") = "StupendousStylesChallange", "StupendousStylesChallange\StupendousStylesChallange.csproj", "{DDB0469D-70E2-4E85-942B-9C045DAEB26B}"
EndProject
Project("{FAE04EC0-301F-11D3-BF4B-00C04F79EFBC}") = "FakeNews", "FakeNews\FakeNews.csproj", "{7DA47B48-ECE0-4022-A3B0-47EB686EACFE}"
EndProject
Project("{FAE04EC0-301F-11D3-BF4B-00C04F79EFBC}") = "DragDropExample", "DragDropExample\DragDropExample.csproj", "{06135E4F-5A75-4894-B384-9CD5C631EA3B}"
EndProject
Project("{FAE04EC0-301F-11D3-BF4B-00C04F79EFBC}") = "UWPSoundBoard", "UWPSoundBoard\UWPSoundBoard.csproj", "{09B82180-F41C-415C-831D-D35B3D19AF87}"
EndProject
Project("{FAE04EC0-301F-11D3-BF4B-00C04F79EFBC}") = "UWPWeather", "UWPWeather\UWPWeather.csproj", "{CB02432C-5E87-4459-B949-4616BC746D5A}"
EndProject
Project("{FAE04EC0-301F-11D3-BF4B-00C04F79EFBC}") = "TileUpdateManagerExample", "TileUpdateManagerExample\TileUpdateManagerExample.csproj", "{91C8B1D0-9DE2-4A72-A6C2-79F7FC9CE443}"
EndProject
Global
	GlobalSection(SolutionConfigurationPlatforms) = preSolution
		Debug|ARM = Debug|ARM
		Debug|x64 = Debug|x64
		Debug|x86 = Debug|x86
		Release|ARM = Release|ARM
		Release|x64 = Release|x64
		Release|x86 = Release|x86
	EndGlobalSection
	GlobalSection(ProjectConfigurationPlatforms) = postSolution
		{72A29FE9-8802-4952-8885-2DCE6274CDAD}.Debug|ARM.ActiveCfg = Debug|ARM
		{72A29FE9-8802-4952-8885-2DCE6274CDAD}.Debug|ARM.Build.0 = Debug|ARM
		{72A29FE9-8802-4952-8885-2DCE6274CDAD}.Debug|ARM.Deploy.0 = Debug|ARM
		{72A29FE9-8802-4952-8885-2DCE6274CDAD}.Debug|x64.ActiveCfg = Debug|x64
		{72A29FE9-8802-4952-8885-2DCE6274CDAD}.Debug|x64.Build.0 = Debug|x64
		{72A29FE9-8802-4952-8885-2DCE6274CDAD}.Debug|x64.Deploy.0 = Debug|x64
		{72A29FE9-8802-4952-8885-2DCE6274CDAD}.Debug|x86.ActiveCfg = Debug|x86
		{72A29FE9-8802-4952-8885-2DCE6274CDAD}.Debug|x86.Build.0 = Debug|x86
		{72A29FE9-8802-4952-8885-2DCE6274CDAD}.Debug|x86.Deploy.0 = Debug|x86
		{72A29FE9-8802-4952-8885-2DCE6274CDAD}.Release|ARM.ActiveCfg = Release|ARM
		{72A29FE9-8802-4952-8885-2DCE6274CDAD}.Release|ARM.Build.0 = Release|ARM
		{72A29FE9-8802-4952-8885-2DCE6274CDAD}.Release|ARM.Deploy.0 = Release|ARM
		{72A29FE9-8802-4952-8885-2DCE6274CDAD}.Release|x64.ActiveCfg = Release|x64
		{72A29FE9-8802-4952-8885-2DCE6274CDAD}.Release|x64.Build.0 = Release|x64
		{72A29FE9-8802-4952-8885-2DCE6274CDAD}.Release|x64.Deploy.0 = Release|x64
		{72A29FE9-8802-4952-8885-2DCE6274CDAD}.Release|x86.ActiveCfg = Release|x86
		{72A29FE9-8802-4952-8885-2DCE6274CDAD}.Release|x86.Build.0 = Release|x86
		{72A29FE9-8802-4952-8885-2DCE6274CDAD}.Release|x86.Deploy.0 = Release|x86
		{7C49D446-3279-4819-903C-E350AF382B65}.Debug|ARM.ActiveCfg = Debug|ARM
		{7C49D446-3279-4819-903C-E350AF382B65}.Debug|ARM.Build.0 = Debug|ARM
		{7C49D446-3279-4819-903C-E350AF382B65}.Debug|ARM.Deploy.0 = Debug|ARM
		{7C49D446-3279-4819-903C-E350AF382B65}.Debug|x64.ActiveCfg = Debug|x64
		{7C49D446-3279-4819-903C-E350AF382B65}.Debug|x64.Build.0 = Debug|x64
		{7C49D446-3279-4819-903C-E350AF382B65}.Debug|x64.Deploy.0 = Debug|x64
		{7C49D446-3279-4819-903C-E350AF382B65}.Debug|x86.ActiveCfg = Debug|x86
		{7C49D446-3279-4819-903C-E350AF382B65}.Debug|x86.Build.0 = Debug|x86
		{7C49D446-3279-4819-903C-E350AF382B65}.Debug|x86.Deploy.0 = Debug|x86
		{7C49D446-3279-4819-903C-E350AF382B65}.Release|ARM.ActiveCfg = Release|ARM
		{7C49D446-3279-4819-903C-E350AF382B65}.Release|ARM.Build.0 = Release|ARM
		{7C49D446-3279-4819-903C-E350AF382B65}.Release|ARM.Deploy.0 = Release|ARM
		{7C49D446-3279-4819-903C-E350AF382B65}.Release|x64.ActiveCfg = Release|x64
		{7C49D446-3279-4819-903C-E350AF382B65}.Release|x64.Build.0 = Release|x64
		{7C49D446-3279-4819-903C-E350AF382B65}.Release|x64.Deploy.0 = Release|x64
		{7C49D446-3279-4819-903C-E350AF382B65}.Release|x86.ActiveCfg = Release|x86
		{7C49D446-3279-4819-903C-E350AF382B65}.Release|x86.Build.0 = Release|x86
		{7C49D446-3279-4819-903C-E350AF382B65}.Release|x86.Deploy.0 = Release|x86
		{AECD99F3-3EE8-4930-9D74-6C6B6572BE21}.Debug|ARM.ActiveCfg = Debug|ARM
		{AECD99F3-3EE8-4930-9D74-6C6B6572BE21}.Debug|ARM.Build.0 = Debug|ARM
		{AECD99F3-3EE8-4930-9D74-6C6B6572BE21}.Debug|ARM.Deploy.0 = Debug|ARM
		{AECD99F3-3EE8-4930-9D74-6C6B6572BE21}.Debug|x64.ActiveCfg = Debug|x64
		{AECD99F3-3EE8-4930-9D74-6C6B6572BE21}.Debug|x64.Build.0 = Debug|x64
		{AECD99F3-3EE8-4930-9D74-6C6B6572BE21}.Debug|x64.Deploy.0 = Debug|x64
		{AECD99F3-3EE8-4930-9D74-6C6B6572BE21}.Debug|x86.ActiveCfg = Debug|x86
		{AECD99F3-3EE8-4930-9D74-6C6B6572BE21}.Debug|x86.Build.0 = Debug|x86
		{AECD99F3-3EE8-4930-9D74-6C6B6572BE21}.Debug|x86.Deploy.0 = Debug|x86
		{AECD99F3-3EE8-4930-9D74-6C6B6572BE21}.Release|ARM.ActiveCfg = Release|ARM
		{AECD99F3-3EE8-4930-9D74-6C6B6572BE21}.Release|ARM.Build.0 = Release|ARM
		{AECD99F3-3EE8-4930-9D74-6C6B6572BE21}.Release|ARM.Deploy.0 = Release|ARM
		{AECD99F3-3EE8-4930-9D74-6C6B6572BE21}.Release|x64.ActiveCfg = Release|x64
		{AECD99F3-3EE8-4930-9D74-6C6B6572BE21}.Release|x64.Build.0 = Release|x64
		{AECD99F3-3EE8-4930-9D74-6C6B6572BE21}.Release|x64.Deploy.0 = Release|x64
		{AECD99F3-3EE8-4930-9D74-6C6B6572BE21}.Release|x86.ActiveCfg = Release|x86
		{AECD99F3-3EE8-4930-9D74-6C6B6572BE21}.Release|x86.Build.0 = Release|x86
		{AECD99F3-3EE8-4930-9D74-6C6B6572BE21}.Release|x86.Deploy.0 = Release|x86
		{682CB582-91F3-45B9-BDED-08B166C734E7}.Debug|ARM.ActiveCfg = Debug|ARM
		{682CB582-91F3-45B9-BDED-08B166C734E7}.Debug|ARM.Build.0 = Debug|ARM
		{682CB582-91F3-45B9-BDED-08B166C734E7}.Debug|ARM.Deploy.0 = Debug|ARM
		{682CB582-91F3-45B9-BDED-08B166C734E7}.Debug|x64.ActiveCfg = Debug|x64
		{682CB582-91F3-45B9-BDED-08B166C734E7}.Debug|x64.Build.0 = Debug|x64
		{682CB582-91F3-45B9-BDED-08B166C734E7}.Debug|x64.Deploy.0 = Debug|x64
		{682CB582-91F3-45B9-BDED-08B166C734E7}.Debug|x86.ActiveCfg = Debug|x86
		{682CB582-91F3-45B9-BDED-08B166C734E7}.Debug|x86.Build.0 = Debug|x86
		{682CB582-91F3-45B9-BDED-08B166C734E7}.Debug|x86.Deploy.0 = Debug|x86
		{682CB582-91F3-45B9-BDED-08B166C734E7}.Release|ARM.ActiveCfg = Release|ARM
		{682CB582-91F3-45B9-BDED-08B166C734E7}.Release|ARM.Build.0 = Release|ARM
		{682CB582-91F3-45B9-BDED-08B166C734E7}.Release|ARM.Deploy.0 = Release|ARM
		{682CB582-91F3-45B9-BDED-08B166C734E7}.Release|x64.ActiveCfg = Release|x64
		{682CB582-91F3-45B9-BDED-08B166C734E7}.Release|x64.Build.0 = Release|x64
		{682CB582-91F3-45B9-BDED-08B166C734E7}.Release|x64.Deploy.0 = Release|x64
		{682CB582-91F3-45B9-BDED-08B166C734E7}.Release|x86.ActiveCfg = Release|x86
		{682CB582-91F3-45B9-BDED-08B166C734E7}.Release|x86.Build.0 = Release|x86
		{682CB582-91F3-45B9-BDED-08B166C734E7}.Release|x86.Deploy.0 = Release|x86
		{716A1F61-7612-4F09-81C6-B4C466AA1D4B}.Debug|ARM.ActiveCfg = Debug|ARM
		{716A1F61-7612-4F09-81C6-B4C466AA1D4B}.Debug|ARM.Build.0 = Debug|ARM
		{716A1F61-7612-4F09-81C6-B4C466AA1D4B}.Debug|ARM.Deploy.0 = Debug|ARM
		{716A1F61-7612-4F09-81C6-B4C466AA1D4B}.Debug|x64.ActiveCfg = Debug|x64
		{716A1F61-7612-4F09-81C6-B4C466AA1D4B}.Debug|x64.Build.0 = Debug|x64
		{716A1F61-7612-4F09-81C6-B4C466AA1D4B}.Debug|x64.Deploy.0 = Debug|x64
		{716A1F61-7612-4F09-81C6-B4C466AA1D4B}.Debug|x86.ActiveCfg = Debug|x86
		{716A1F61-7612-4F09-81C6-B4C466AA1D4B}.Debug|x86.Build.0 = Debug|x86
		{716A1F61-7612-4F09-81C6-B4C466AA1D4B}.Debug|x86.Deploy.0 = Debug|x86
		{716A1F61-7612-4F09-81C6-B4C466AA1D4B}.Release|ARM.ActiveCfg = Release|ARM
		{716A1F61-7612-4F09-81C6-B4C466AA1D4B}.Release|ARM.Build.0 = Release|ARM
		{716A1F61-7612-4F09-81C6-B4C466AA1D4B}.Release|ARM.Deploy.0 = Release|ARM
		{716A1F61-7612-4F09-81C6-B4C466AA1D4B}.Release|x64.ActiveCfg = Release|x64
		{716A1F61-7612-4F09-81C6-B4C466AA1D4B}.Release|x64.Build.0 = Release|x64
		{716A1F61-7612-4F09-81C6-B4C466AA1D4B}.Release|x64.Deploy.0 = Release|x64
		{716A1F61-7612-4F09-81C6-B4C466AA1D4B}.Release|x86.ActiveCfg = Release|x86
		{716A1F61-7612-4F09-81C6-B4C466AA1D4B}.Release|x86.Build.0 = Release|x86
		{716A1F61-7612-4F09-81C6-B4C466AA1D4B}.Release|x86.Deploy.0 = Release|x86
		{DEE5427F-BA80-4BF9-BCEE-8B1D820F2F02}.Debug|ARM.ActiveCfg = Debug|ARM
		{DEE5427F-BA80-4BF9-BCEE-8B1D820F2F02}.Debug|ARM.Build.0 = Debug|ARM
		{DEE5427F-BA80-4BF9-BCEE-8B1D820F2F02}.Debug|ARM.Deploy.0 = Debug|ARM
		{DEE5427F-BA80-4BF9-BCEE-8B1D820F2F02}.Debug|x64.ActiveCfg = Debug|x64
		{DEE5427F-BA80-4BF9-BCEE-8B1D820F2F02}.Debug|x64.Build.0 = Debug|x64
		{DEE5427F-BA80-4BF9-BCEE-8B1D820F2F02}.Debug|x64.Deploy.0 = Debug|x64
		{DEE5427F-BA80-4BF9-BCEE-8B1D820F2F02}.Debug|x86.ActiveCfg = Debug|x86
		{DEE5427F-BA80-4BF9-BCEE-8B1D820F2F02}.Debug|x86.Build.0 = Debug|x86
		{DEE5427F-BA80-4BF9-BCEE-8B1D820F2F02}.Debug|x86.Deploy.0 = Debug|x86
		{DEE5427F-BA80-4BF9-BCEE-8B1D820F2F02}.Release|ARM.ActiveCfg = Release|ARM
		{DEE5427F-BA80-4BF9-BCEE-8B1D820F2F02}.Release|ARM.Build.0 = Release|ARM
		{DEE5427F-BA80-4BF9-BCEE-8B1D820F2F02}.Release|ARM.Deploy.0 = Release|ARM
		{DEE5427F-BA80-4BF9-BCEE-8B1D820F2F02}.Release|x64.ActiveCfg = Release|x64
		{DEE5427F-BA80-4BF9-BCEE-8B1D820F2F02}.Release|x64.Build.0 = Release|x64
		{DEE5427F-BA80-4BF9-BCEE-8B1D820F2F02}.Release|x64.Deploy.0 = Release|x64
		{DEE5427F-BA80-4BF9-BCEE-8B1D820F2F02}.Release|x86.ActiveCfg = Release|x86
		{DEE5427F-BA80-4BF9-BCEE-8B1D820F2F02}.Release|x86.Build.0 = Release|x86
		{DEE5427F-BA80-4BF9-BCEE-8B1D820F2F02}.Release|x86.Deploy.0 = Release|x86
		{AAA0192D-2FD1-4F1C-B78F-E180FB1BC8D2}.Debug|ARM.ActiveCfg = Debug|ARM
		{AAA0192D-2FD1-4F1C-B78F-E180FB1BC8D2}.Debug|ARM.Build.0 = Debug|ARM
		{AAA0192D-2FD1-4F1C-B78F-E180FB1BC8D2}.Debug|ARM.Deploy.0 = Debug|ARM
		{AAA0192D-2FD1-4F1C-B78F-E180FB1BC8D2}.Debug|x64.ActiveCfg = Debug|x64
		{AAA0192D-2FD1-4F1C-B78F-E180FB1BC8D2}.Debug|x64.Build.0 = Debug|x64
		{AAA0192D-2FD1-4F1C-B78F-E180FB1BC8D2}.Debug|x64.Deploy.0 = Debug|x64
		{AAA0192D-2FD1-4F1C-B78F-E180FB1BC8D2}.Debug|x86.ActiveCfg = Debug|x86
		{AAA0192D-2FD1-4F1C-B78F-E180FB1BC8D2}.Debug|x86.Build.0 = Debug|x86
		{AAA0192D-2FD1-4F1C-B78F-E180FB1BC8D2}.Debug|x86.Deploy.0 = Debug|x86
		{AAA0192D-2FD1-4F1C-B78F-E180FB1BC8D2}.Release|ARM.ActiveCfg = Release|ARM
		{AAA0192D-2FD1-4F1C-B78F-E180FB1BC8D2}.Release|ARM.Build.0 = Release|ARM
		{AAA0192D-2FD1-4F1C-B78F-E180FB1BC8D2}.Release|ARM.Deploy.0 = Release|ARM
		{AAA0192D-2FD1-4F1C-B78F-E180FB1BC8D2}.Release|x64.ActiveCfg = Release|x64
		{AAA0192D-2FD1-4F1C-B78F-E180FB1BC8D2}.Release|x64.Build.0 = Release|x64
		{AAA0192D-2FD1-4F1C-B78F-E180FB1BC8D2}.Release|x64.Deploy.0 = Release|x64
		{AAA0192D-2FD1-4F1C-B78F-E180FB1BC8D2}.Release|x86.ActiveCfg = Release|x86
		{AAA0192D-2FD1-4F1C-B78F-E180FB1BC8D2}.Release|x86.Build.0 = Release|x86
		{AAA0192D-2FD1-4F1C-B78F-E180FB1BC8D2}.Release|x86.Deploy.0 = Release|x86
		{C04C0D7D-9BE3-4B0C-B85F-CC6EE757C62A}.Debug|ARM.ActiveCfg = Debug|ARM
		{C04C0D7D-9BE3-4B0C-B85F-CC6EE757C62A}.Debug|ARM.Build.0 = Debug|ARM
		{C04C0D7D-9BE3-4B0C-B85F-CC6EE757C62A}.Debug|ARM.Deploy.0 = Debug|ARM
		{C04C0D7D-9BE3-4B0C-B85F-CC6EE757C62A}.Debug|x64.ActiveCfg = Debug|x64
		{C04C0D7D-9BE3-4B0C-B85F-CC6EE757C62A}.Debug|x64.Build.0 = Debug|x64
		{C04C0D7D-9BE3-4B0C-B85F-CC6EE757C62A}.Debug|x64.Deploy.0 = Debug|x64
		{C04C0D7D-9BE3-4B0C-B85F-CC6EE757C62A}.Debug|x86.ActiveCfg = Debug|x86
		{C04C0D7D-9BE3-4B0C-B85F-CC6EE757C62A}.Debug|x86.Build.0 = Debug|x86
		{C04C0D7D-9BE3-4B0C-B85F-CC6EE757C62A}.Debug|x86.Deploy.0 = Debug|x86
		{C04C0D7D-9BE3-4B0C-B85F-CC6EE757C62A}.Release|ARM.ActiveCfg = Release|ARM
		{C04C0D7D-9BE3-4B0C-B85F-CC6EE757C62A}.Release|ARM.Build.0 = Release|ARM
		{C04C0D7D-9BE3-4B0C-B85F-CC6EE757C62A}.Release|ARM.Deploy.0 = Release|ARM
		{C04C0D7D-9BE3-4B0C-B85F-CC6EE757C62A}.Release|x64.ActiveCfg = Release|x64
		{C04C0D7D-9BE3-4B0C-B85F-CC6EE757C62A}.Release|x64.Build.0 = Release|x64
		{C04C0D7D-9BE3-4B0C-B85F-CC6EE757C62A}.Release|x64.Deploy.0 = Release|x64
		{C04C0D7D-9BE3-4B0C-B85F-CC6EE757C62A}.Release|x86.ActiveCfg = Release|x86
		{C04C0D7D-9BE3-4B0C-B85F-CC6EE757C62A}.Release|x86.Build.0 = Release|x86
		{C04C0D7D-9BE3-4B0C-B85F-CC6EE757C62A}.Release|x86.Deploy.0 = Release|x86
		{685DAE77-5E38-4D29-8C49-6199C2E4FA83}.Debug|ARM.ActiveCfg = Debug|ARM
		{685DAE77-5E38-4D29-8C49-6199C2E4FA83}.Debug|ARM.Build.0 = Debug|ARM
		{685DAE77-5E38-4D29-8C49-6199C2E4FA83}.Debug|ARM.Deploy.0 = Debug|ARM
		{685DAE77-5E38-4D29-8C49-6199C2E4FA83}.Debug|x64.ActiveCfg = Debug|x64
		{685DAE77-5E38-4D29-8C49-6199C2E4FA83}.Debug|x64.Build.0 = Debug|x64
		{685DAE77-5E38-4D29-8C49-6199C2E4FA83}.Debug|x64.Deploy.0 = Debug|x64
		{685DAE77-5E38-4D29-8C49-6199C2E4FA83}.Debug|x86.ActiveCfg = Debug|x86
		{685DAE77-5E38-4D29-8C49-6199C2E4FA83}.Debug|x86.Build.0 = Debug|x86
		{685DAE77-5E38-4D29-8C49-6199C2E4FA83}.Debug|x86.Deploy.0 = Debug|x86
		{685DAE77-5E38-4D29-8C49-6199C2E4FA83}.Release|ARM.ActiveCfg = Release|ARM
		{685DAE77-5E38-4D29-8C49-6199C2E4FA83}.Release|ARM.Build.0 = Release|ARM
		{685DAE77-5E38-4D29-8C49-6199C2E4FA83}.Release|ARM.Deploy.0 = Release|ARM
		{685DAE77-5E38-4D29-8C49-6199C2E4FA83}.Release|x64.ActiveCfg = Release|x64
		{685DAE77-5E38-4D29-8C49-6199C2E4FA83}.Release|x64.Build.0 = Release|x64
		{685DAE77-5E38-4D29-8C49-6199C2E4FA83}.Release|x64.Deploy.0 = Release|x64
		{685DAE77-5E38-4D29-8C49-6199C2E4FA83}.Release|x86.ActiveCfg = Release|x86
		{685DAE77-5E38-4D29-8C49-6199C2E4FA83}.Release|x86.Build.0 = Release|x86
		{685DAE77-5E38-4D29-8C49-6199C2E4FA83}.Release|x86.Deploy.0 = Release|x86
		{358E7870-FBF9-41DB-8BC8-A854C9F9A931}.Debug|ARM.ActiveCfg = Debug|ARM
		{358E7870-FBF9-41DB-8BC8-A854C9F9A931}.Debug|ARM.Build.0 = Debug|ARM
		{358E7870-FBF9-41DB-8BC8-A854C9F9A931}.Debug|ARM.Deploy.0 = Debug|ARM
		{358E7870-FBF9-41DB-8BC8-A854C9F9A931}.Debug|x64.ActiveCfg = Debug|x64
		{358E7870-FBF9-41DB-8BC8-A854C9F9A931}.Debug|x64.Build.0 = Debug|x64
		{358E7870-FBF9-41DB-8BC8-A854C9F9A931}.Debug|x64.Deploy.0 = Debug|x64
		{358E7870-FBF9-41DB-8BC8-A854C9F9A931}.Debug|x86.ActiveCfg = Debug|x86
		{358E7870-FBF9-41DB-8BC8-A854C9F9A931}.Debug|x86.Build.0 = Debug|x86
		{358E7870-FBF9-41DB-8BC8-A854C9F9A931}.Debug|x86.Deploy.0 = Debug|x86
		{358E7870-FBF9-41DB-8BC8-A854C9F9A931}.Release|ARM.ActiveCfg = Release|ARM
		{358E7870-FBF9-41DB-8BC8-A854C9F9A931}.Release|ARM.Build.0 = Release|ARM
		{358E7870-FBF9-41DB-8BC8-A854C9F9A931}.Release|ARM.Deploy.0 = Release|ARM
		{358E7870-FBF9-41DB-8BC8-A854C9F9A931}.Release|x64.ActiveCfg = Release|x64
		{358E7870-FBF9-41DB-8BC8-A854C9F9A931}.Release|x64.Build.0 = Release|x64
		{358E7870-FBF9-41DB-8BC8-A854C9F9A931}.Release|x64.Deploy.0 = Release|x64
		{358E7870-FBF9-41DB-8BC8-A854C9F9A931}.Release|x86.ActiveCfg = Release|x86
		{358E7870-FBF9-41DB-8BC8-A854C9F9A931}.Release|x86.Build.0 = Release|x86
		{358E7870-FBF9-41DB-8BC8-A854C9F9A931}.Release|x86.Deploy.0 = Release|x86
		{0CF9531B-F0D3-47F4-80FA-658699942D55}.Debug|ARM.ActiveCfg = Debug|ARM
		{0CF9531B-F0D3-47F4-80FA-658699942D55}.Debug|ARM.Build.0 = Debug|ARM
		{0CF9531B-F0D3-47F4-80FA-658699942D55}.Debug|ARM.Deploy.0 = Debug|ARM
		{0CF9531B-F0D3-47F4-80FA-658699942D55}.Debug|x64.ActiveCfg = Debug|x64
		{0CF9531B-F0D3-47F4-80FA-658699942D55}.Debug|x64.Build.0 = Debug|x64
		{0CF9531B-F0D3-47F4-80FA-658699942D55}.Debug|x64.Deploy.0 = Debug|x64
		{0CF9531B-F0D3-47F4-80FA-658699942D55}.Debug|x86.ActiveCfg = Debug|x86
		{0CF9531B-F0D3-47F4-80FA-658699942D55}.Debug|x86.Build.0 = Debug|x86
		{0CF9531B-F0D3-47F4-80FA-658699942D55}.Debug|x86.Deploy.0 = Debug|x86
		{0CF9531B-F0D3-47F4-80FA-658699942D55}.Release|ARM.ActiveCfg = Release|ARM
		{0CF9531B-F0D3-47F4-80FA-658699942D55}.Release|ARM.Build.0 = Release|ARM
		{0CF9531B-F0D3-47F4-80FA-658699942D55}.Release|ARM.Deploy.0 = Release|ARM
		{0CF9531B-F0D3-47F4-80FA-658699942D55}.Release|x64.ActiveCfg = Release|x64
		{0CF9531B-F0D3-47F4-80FA-658699942D55}.Release|x64.Build.0 = Release|x64
		{0CF9531B-F0D3-47F4-80FA-658699942D55}.Release|x64.Deploy.0 = Release|x64
		{0CF9531B-F0D3-47F4-80FA-658699942D55}.Release|x86.ActiveCfg = Release|x86
		{0CF9531B-F0D3-47F4-80FA-658699942D55}.Release|x86.Build.0 = Release|x86
		{0CF9531B-F0D3-47F4-80FA-658699942D55}.Release|x86.Deploy.0 = Release|x86
		{C35DC20D-CB0E-4DE3-9B6D-C1FD6670BB62}.Debug|ARM.ActiveCfg = Debug|ARM
		{C35DC20D-CB0E-4DE3-9B6D-C1FD6670BB62}.Debug|ARM.Build.0 = Debug|ARM
		{C35DC20D-CB0E-4DE3-9B6D-C1FD6670BB62}.Debug|ARM.Deploy.0 = Debug|ARM
		{C35DC20D-CB0E-4DE3-9B6D-C1FD6670BB62}.Debug|x64.ActiveCfg = Debug|x64
		{C35DC20D-CB0E-4DE3-9B6D-C1FD6670BB62}.Debug|x64.Build.0 = Debug|x64
		{C35DC20D-CB0E-4DE3-9B6D-C1FD6670BB62}.Debug|x64.Deploy.0 = Debug|x64
		{C35DC20D-CB0E-4DE3-9B6D-C1FD6670BB62}.Debug|x86.ActiveCfg = Debug|x86
		{C35DC20D-CB0E-4DE3-9B6D-C1FD6670BB62}.Debug|x86.Build.0 = Debug|x86
		{C35DC20D-CB0E-4DE3-9B6D-C1FD6670BB62}.Debug|x86.Deploy.0 = Debug|x86
		{C35DC20D-CB0E-4DE3-9B6D-C1FD6670BB62}.Release|ARM.ActiveCfg = Release|ARM
		{C35DC20D-CB0E-4DE3-9B6D-C1FD6670BB62}.Release|ARM.Build.0 = Release|ARM
		{C35DC20D-CB0E-4DE3-9B6D-C1FD6670BB62}.Release|ARM.Deploy.0 = Release|ARM
		{C35DC20D-CB0E-4DE3-9B6D-C1FD6670BB62}.Release|x64.ActiveCfg = Release|x64
		{C35DC20D-CB0E-4DE3-9B6D-C1FD6670BB62}.Release|x64.Build.0 = Release|x64
		{C35DC20D-CB0E-4DE3-9B6D-C1FD6670BB62}.Release|x64.Deploy.0 = Release|x64
		{C35DC20D-CB0E-4DE3-9B6D-C1FD6670BB62}.Release|x86.ActiveCfg = Release|x86
		{C35DC20D-CB0E-4DE3-9B6D-C1FD6670BB62}.Release|x86.Build.0 = Release|x86
		{C35DC20D-CB0E-4DE3-9B6D-C1FD6670BB62}.Release|x86.Deploy.0 = Release|x86
		{5944A384-E219-4B0D-9569-149C141883B2}.Debug|ARM.ActiveCfg = Debug|ARM
		{5944A384-E219-4B0D-9569-149C141883B2}.Debug|ARM.Build.0 = Debug|ARM
		{5944A384-E219-4B0D-9569-149C141883B2}.Debug|ARM.Deploy.0 = Debug|ARM
		{5944A384-E219-4B0D-9569-149C141883B2}.Debug|x64.ActiveCfg = Debug|x64
		{5944A384-E219-4B0D-9569-149C141883B2}.Debug|x64.Build.0 = Debug|x64
		{5944A384-E219-4B0D-9569-149C141883B2}.Debug|x64.Deploy.0 = Debug|x64
		{5944A384-E219-4B0D-9569-149C141883B2}.Debug|x86.ActiveCfg = Debug|x86
		{5944A384-E219-4B0D-9569-149C141883B2}.Debug|x86.Build.0 = Debug|x86
		{5944A384-E219-4B0D-9569-149C141883B2}.Debug|x86.Deploy.0 = Debug|x86
		{5944A384-E219-4B0D-9569-149C141883B2}.Release|ARM.ActiveCfg = Release|ARM
		{5944A384-E219-4B0D-9569-149C141883B2}.Release|ARM.Build.0 = Release|ARM
		{5944A384-E219-4B0D-9569-149C141883B2}.Release|ARM.Deploy.0 = Release|ARM
		{5944A384-E219-4B0D-9569-149C141883B2}.Release|x64.ActiveCfg = Release|x64
		{5944A384-E219-4B0D-9569-149C141883B2}.Release|x64.Build.0 = Release|x64
		{5944A384-E219-4B0D-9569-149C141883B2}.Release|x64.Deploy.0 = Release|x64
		{5944A384-E219-4B0D-9569-149C141883B2}.Release|x86.ActiveCfg = Release|x86
		{5944A384-E219-4B0D-9569-149C141883B2}.Release|x86.Build.0 = Release|x86
		{5944A384-E219-4B0D-9569-149C141883B2}.Release|x86.Deploy.0 = Release|x86
		{9A6D4871-0565-4441-9836-5FE5186E84EE}.Debug|ARM.ActiveCfg = Debug|ARM
		{9A6D4871-0565-4441-9836-5FE5186E84EE}.Debug|ARM.Build.0 = Debug|ARM
		{9A6D4871-0565-4441-9836-5FE5186E84EE}.Debug|ARM.Deploy.0 = Debug|ARM
		{9A6D4871-0565-4441-9836-5FE5186E84EE}.Debug|x64.ActiveCfg = Debug|x64
		{9A6D4871-0565-4441-9836-5FE5186E84EE}.Debug|x64.Build.0 = Debug|x64
		{9A6D4871-0565-4441-9836-5FE5186E84EE}.Debug|x64.Deploy.0 = Debug|x64
		{9A6D4871-0565-4441-9836-5FE5186E84EE}.Debug|x86.ActiveCfg = Debug|x86
		{9A6D4871-0565-4441-9836-5FE5186E84EE}.Debug|x86.Build.0 = Debug|x86
		{9A6D4871-0565-4441-9836-5FE5186E84EE}.Debug|x86.Deploy.0 = Debug|x86
		{9A6D4871-0565-4441-9836-5FE5186E84EE}.Release|ARM.ActiveCfg = Release|ARM
		{9A6D4871-0565-4441-9836-5FE5186E84EE}.Release|ARM.Build.0 = Release|ARM
		{9A6D4871-0565-4441-9836-5FE5186E84EE}.Release|ARM.Deploy.0 = Release|ARM
		{9A6D4871-0565-4441-9836-5FE5186E84EE}.Release|x64.ActiveCfg = Release|x64
		{9A6D4871-0565-4441-9836-5FE5186E84EE}.Release|x64.Build.0 = Release|x64
		{9A6D4871-0565-4441-9836-5FE5186E84EE}.Release|x64.Deploy.0 = Release|x64
		{9A6D4871-0565-4441-9836-5FE5186E84EE}.Release|x86.ActiveCfg = Release|x86
		{9A6D4871-0565-4441-9836-5FE5186E84EE}.Release|x86.Build.0 = Release|x86
		{9A6D4871-0565-4441-9836-5FE5186E84EE}.Release|x86.Deploy.0 = Release|x86
		{58D8895F-7B8B-4269-9066-BB934BFC01EC}.Debug|ARM.ActiveCfg = Debug|ARM
		{58D8895F-7B8B-4269-9066-BB934BFC01EC}.Debug|ARM.Build.0 = Debug|ARM
		{58D8895F-7B8B-4269-9066-BB934BFC01EC}.Debug|ARM.Deploy.0 = Debug|ARM
		{58D8895F-7B8B-4269-9066-BB934BFC01EC}.Debug|x64.ActiveCfg = Debug|x64
		{58D8895F-7B8B-4269-9066-BB934BFC01EC}.Debug|x64.Build.0 = Debug|x64
		{58D8895F-7B8B-4269-9066-BB934BFC01EC}.Debug|x64.Deploy.0 = Debug|x64
		{58D8895F-7B8B-4269-9066-BB934BFC01EC}.Debug|x86.ActiveCfg = Debug|x86
		{58D8895F-7B8B-4269-9066-BB934BFC01EC}.Debug|x86.Build.0 = Debug|x86
		{58D8895F-7B8B-4269-9066-BB934BFC01EC}.Debug|x86.Deploy.0 = Debug|x86
		{58D8895F-7B8B-4269-9066-BB934BFC01EC}.Release|ARM.ActiveCfg = Release|ARM
		{58D8895F-7B8B-4269-9066-BB934BFC01EC}.Release|ARM.Build.0 = Release|ARM
		{58D8895F-7B8B-4269-9066-BB934BFC01EC}.Release|ARM.Deploy.0 = Release|ARM
		{58D8895F-7B8B-4269-9066-BB934BFC01EC}.Release|x64.ActiveCfg = Release|x64
		{58D8895F-7B8B-4269-9066-BB934BFC01EC}.Release|x64.Build.0 = Release|x64
		{58D8895F-7B8B-4269-9066-BB934BFC01EC}.Release|x64.Deploy.0 = Release|x64
		{58D8895F-7B8B-4269-9066-BB934BFC01EC}.Release|x86.ActiveCfg = Release|x86
		{58D8895F-7B8B-4269-9066-BB934BFC01EC}.Release|x86.Build.0 = Release|x86
		{58D8895F-7B8B-4269-9066-BB934BFC01EC}.Release|x86.Deploy.0 = Release|x86
		{1F76FD2E-95BD-496B-BCC6-D1D33BD75C41}.Debug|ARM.ActiveCfg = Debug|ARM
		{1F76FD2E-95BD-496B-BCC6-D1D33BD75C41}.Debug|ARM.Build.0 = Debug|ARM
		{1F76FD2E-95BD-496B-BCC6-D1D33BD75C41}.Debug|ARM.Deploy.0 = Debug|ARM
		{1F76FD2E-95BD-496B-BCC6-D1D33BD75C41}.Debug|x64.ActiveCfg = Debug|x64
		{1F76FD2E-95BD-496B-BCC6-D1D33BD75C41}.Debug|x64.Build.0 = Debug|x64
		{1F76FD2E-95BD-496B-BCC6-D1D33BD75C41}.Debug|x64.Deploy.0 = Debug|x64
		{1F76FD2E-95BD-496B-BCC6-D1D33BD75C41}.Debug|x86.ActiveCfg = Debug|x86
		{1F76FD2E-95BD-496B-BCC6-D1D33BD75C41}.Debug|x86.Build.0 = Debug|x86
		{1F76FD2E-95BD-496B-BCC6-D1D33BD75C41}.Debug|x86.Deploy.0 = Debug|x86
		{1F76FD2E-95BD-496B-BCC6-D1D33BD75C41}.Release|ARM.ActiveCfg = Release|ARM
		{1F76FD2E-95BD-496B-BCC6-D1D33BD75C41}.Release|ARM.Build.0 = Release|ARM
		{1F76FD2E-95BD-496B-BCC6-D1D33BD75C41}.Release|ARM.Deploy.0 = Release|ARM
		{1F76FD2E-95BD-496B-BCC6-D1D33BD75C41}.Release|x64.ActiveCfg = Release|x64
		{1F76FD2E-95BD-496B-BCC6-D1D33BD75C41}.Release|x64.Build.0 = Release|x64
		{1F76FD2E-95BD-496B-BCC6-D1D33BD75C41}.Release|x64.Deploy.0 = Release|x64
		{1F76FD2E-95BD-496B-BCC6-D1D33BD75C41}.Release|x86.ActiveCfg = Release|x86
		{1F76FD2E-95BD-496B-BCC6-D1D33BD75C41}.Release|x86.Build.0 = Release|x86
		{1F76FD2E-95BD-496B-BCC6-D1D33BD75C41}.Release|x86.Deploy.0 = Release|x86
		{76ED775B-1B55-47D7-8324-3E62504FC64A}.Debug|ARM.ActiveCfg = Debug|ARM
		{76ED775B-1B55-47D7-8324-3E62504FC64A}.Debug|ARM.Build.0 = Debug|ARM
		{76ED775B-1B55-47D7-8324-3E62504FC64A}.Debug|ARM.Deploy.0 = Debug|ARM
		{76ED775B-1B55-47D7-8324-3E62504FC64A}.Debug|x64.ActiveCfg = Debug|x64
		{76ED775B-1B55-47D7-8324-3E62504FC64A}.Debug|x64.Build.0 = Debug|x64
		{76ED775B-1B55-47D7-8324-3E62504FC64A}.Debug|x64.Deploy.0 = Debug|x64
		{76ED775B-1B55-47D7-8324-3E62504FC64A}.Debug|x86.ActiveCfg = Debug|x86
		{76ED775B-1B55-47D7-8324-3E62504FC64A}.Debug|x86.Build.0 = Debug|x86
		{76ED775B-1B55-47D7-8324-3E62504FC64A}.Debug|x86.Deploy.0 = Debug|x86
		{76ED775B-1B55-47D7-8324-3E62504FC64A}.Release|ARM.ActiveCfg = Release|ARM
		{76ED775B-1B55-47D7-8324-3E62504FC64A}.Release|ARM.Build.0 = Release|ARM
		{76ED775B-1B55-47D7-8324-3E62504FC64A}.Release|ARM.Deploy.0 = Release|ARM
		{76ED775B-1B55-47D7-8324-3E62504FC64A}.Release|x64.ActiveCfg = Release|x64
		{76ED775B-1B55-47D7-8324-3E62504FC64A}.Release|x64.Build.0 = Release|x64
		{76ED775B-1B55-47D7-8324-3E62504FC64A}.Release|x64.Deploy.0 = Release|x64
		{76ED775B-1B55-47D7-8324-3E62504FC64A}.Release|x86.ActiveCfg = Release|x86
		{76ED775B-1B55-47D7-8324-3E62504FC64A}.Release|x86.Build.0 = Release|x86
		{76ED775B-1B55-47D7-8324-3E62504FC64A}.Release|x86.Deploy.0 = Release|x86
		{BD753C7B-67A7-4445-93BA-481087A1A9E3}.Debug|ARM.ActiveCfg = Debug|ARM
		{BD753C7B-67A7-4445-93BA-481087A1A9E3}.Debug|ARM.Build.0 = Debug|ARM
		{BD753C7B-67A7-4445-93BA-481087A1A9E3}.Debug|ARM.Deploy.0 = Debug|ARM
		{BD753C7B-67A7-4445-93BA-481087A1A9E3}.Debug|x64.ActiveCfg = Debug|x64
		{BD753C7B-67A7-4445-93BA-481087A1A9E3}.Debug|x64.Build.0 = Debug|x64
		{BD753C7B-67A7-4445-93BA-481087A1A9E3}.Debug|x64.Deploy.0 = Debug|x64
		{BD753C7B-67A7-4445-93BA-481087A1A9E3}.Debug|x86.ActiveCfg = Debug|x86
		{BD753C7B-67A7-4445-93BA-481087A1A9E3}.Debug|x86.Build.0 = Debug|x86
		{BD753C7B-67A7-4445-93BA-481087A1A9E3}.Debug|x86.Deploy.0 = Debug|x86
		{BD753C7B-67A7-4445-93BA-481087A1A9E3}.Release|ARM.ActiveCfg = Release|ARM
		{BD753C7B-67A7-4445-93BA-481087A1A9E3}.Release|ARM.Build.0 = Release|ARM
		{BD753C7B-67A7-4445-93BA-481087A1A9E3}.Release|ARM.Deploy.0 = Release|ARM
		{BD753C7B-67A7-4445-93BA-481087A1A9E3}.Release|x64.ActiveCfg = Release|x64
		{BD753C7B-67A7-4445-93BA-481087A1A9E3}.Release|x64.Build.0 = Release|x64
		{BD753C7B-67A7-4445-93BA-481087A1A9E3}.Release|x64.Deploy.0 = Release|x64
		{BD753C7B-67A7-4445-93BA-481087A1A9E3}.Release|x86.ActiveCfg = Release|x86
		{BD753C7B-67A7-4445-93BA-481087A1A9E3}.Release|x86.Build.0 = Release|x86
		{BD753C7B-67A7-4445-93BA-481087A1A9E3}.Release|x86.Deploy.0 = Release|x86
		{904A60AB-1B56-45AB-A947-6D84B75F2082}.Debug|ARM.ActiveCfg = Debug|ARM
		{904A60AB-1B56-45AB-A947-6D84B75F2082}.Debug|ARM.Build.0 = Debug|ARM
		{904A60AB-1B56-45AB-A947-6D84B75F2082}.Debug|ARM.Deploy.0 = Debug|ARM
		{904A60AB-1B56-45AB-A947-6D84B75F2082}.Debug|x64.ActiveCfg = Debug|x64
		{904A60AB-1B56-45AB-A947-6D84B75F2082}.Debug|x64.Build.0 = Debug|x64
		{904A60AB-1B56-45AB-A947-6D84B75F2082}.Debug|x64.Deploy.0 = Debug|x64
		{904A60AB-1B56-45AB-A947-6D84B75F2082}.Debug|x86.ActiveCfg = Debug|x86
		{904A60AB-1B56-45AB-A947-6D84B75F2082}.Debug|x86.Build.0 = Debug|x86
		{904A60AB-1B56-45AB-A947-6D84B75F2082}.Debug|x86.Deploy.0 = Debug|x86
		{904A60AB-1B56-45AB-A947-6D84B75F2082}.Release|ARM.ActiveCfg = Release|ARM
		{904A60AB-1B56-45AB-A947-6D84B75F2082}.Release|ARM.Build.0 = Release|ARM
		{904A60AB-1B56-45AB-A947-6D84B75F2082}.Release|ARM.Deploy.0 = Release|ARM
		{904A60AB-1B56-45AB-A947-6D84B75F2082}.Release|x64.ActiveCfg = Release|x64
		{904A60AB-1B56-45AB-A947-6D84B75F2082}.Release|x64.Build.0 = Release|x64
		{904A60AB-1B56-45AB-A947-6D84B75F2082}.Release|x64.Deploy.0 = Release|x64
		{904A60AB-1B56-45AB-A947-6D84B75F2082}.Release|x86.ActiveCfg = Release|x86
		{904A60AB-1B56-45AB-A947-6D84B75F2082}.Release|x86.Build.0 = Release|x86
		{904A60AB-1B56-45AB-A947-6D84B75F2082}.Release|x86.Deploy.0 = Release|x86
		{D0E24439-57A7-47F3-99A5-E563060520E7}.Debug|ARM.ActiveCfg = Debug|ARM
		{D0E24439-57A7-47F3-99A5-E563060520E7}.Debug|ARM.Build.0 = Debug|ARM
		{D0E24439-57A7-47F3-99A5-E563060520E7}.Debug|ARM.Deploy.0 = Debug|ARM
		{D0E24439-57A7-47F3-99A5-E563060520E7}.Debug|x64.ActiveCfg = Debug|x64
		{D0E24439-57A7-47F3-99A5-E563060520E7}.Debug|x64.Build.0 = Debug|x64
		{D0E24439-57A7-47F3-99A5-E563060520E7}.Debug|x64.Deploy.0 = Debug|x64
		{D0E24439-57A7-47F3-99A5-E563060520E7}.Debug|x86.ActiveCfg = Debug|x86
		{D0E24439-57A7-47F3-99A5-E563060520E7}.Debug|x86.Build.0 = Debug|x86
		{D0E24439-57A7-47F3-99A5-E563060520E7}.Debug|x86.Deploy.0 = Debug|x86
		{D0E24439-57A7-47F3-99A5-E563060520E7}.Release|ARM.ActiveCfg = Release|ARM
		{D0E24439-57A7-47F3-99A5-E563060520E7}.Release|ARM.Build.0 = Release|ARM
		{D0E24439-57A7-47F3-99A5-E563060520E7}.Release|ARM.Deploy.0 = Release|ARM
		{D0E24439-57A7-47F3-99A5-E563060520E7}.Release|x64.ActiveCfg = Release|x64
		{D0E24439-57A7-47F3-99A5-E563060520E7}.Release|x64.Build.0 = Release|x64
		{D0E24439-57A7-47F3-99A5-E563060520E7}.Release|x64.Deploy.0 = Release|x64
		{D0E24439-57A7-47F3-99A5-E563060520E7}.Release|x86.ActiveCfg = Release|x86
		{D0E24439-57A7-47F3-99A5-E563060520E7}.Release|x86.Build.0 = Release|x86
		{D0E24439-57A7-47F3-99A5-E563060520E7}.Release|x86.Deploy.0 = Release|x86
		{DDB0469D-70E2-4E85-942B-9C045DAEB26B}.Debug|ARM.ActiveCfg = Debug|ARM
		{DDB0469D-70E2-4E85-942B-9C045DAEB26B}.Debug|ARM.Build.0 = Debug|ARM
		{DDB0469D-70E2-4E85-942B-9C045DAEB26B}.Debug|ARM.Deploy.0 = Debug|ARM
		{DDB0469D-70E2-4E85-942B-9C045DAEB26B}.Debug|x64.ActiveCfg = Debug|x64
		{DDB0469D-70E2-4E85-942B-9C045DAEB26B}.Debug|x64.Build.0 = Debug|x64
		{DDB0469D-70E2-4E85-942B-9C045DAEB26B}.Debug|x64.Deploy.0 = Debug|x64
		{DDB0469D-70E2-4E85-942B-9C045DAEB26B}.Debug|x86.ActiveCfg = Debug|x86
		{DDB0469D-70E2-4E85-942B-9C045DAEB26B}.Debug|x86.Build.0 = Debug|x86
		{DDB0469D-70E2-4E85-942B-9C045DAEB26B}.Debug|x86.Deploy.0 = Debug|x86
		{DDB0469D-70E2-4E85-942B-9C045DAEB26B}.Release|ARM.ActiveCfg = Release|ARM
		{DDB0469D-70E2-4E85-942B-9C045DAEB26B}.Release|ARM.Build.0 = Release|ARM
		{DDB0469D-70E2-4E85-942B-9C045DAEB26B}.Release|ARM.Deploy.0 = Release|ARM
		{DDB0469D-70E2-4E85-942B-9C045DAEB26B}.Release|x64.ActiveCfg = Release|x64
		{DDB0469D-70E2-4E85-942B-9C045DAEB26B}.Release|x64.Build.0 = Release|x64
		{DDB0469D-70E2-4E85-942B-9C045DAEB26B}.Release|x64.Deploy.0 = Release|x64
		{DDB0469D-70E2-4E85-942B-9C045DAEB26B}.Release|x86.ActiveCfg = Release|x86
		{DDB0469D-70E2-4E85-942B-9C045DAEB26B}.Release|x86.Build.0 = Release|x86
		{DDB0469D-70E2-4E85-942B-9C045DAEB26B}.Release|x86.Deploy.0 = Release|x86
		{7DA47B48-ECE0-4022-A3B0-47EB686EACFE}.Debug|ARM.ActiveCfg = Debug|ARM
		{7DA47B48-ECE0-4022-A3B0-47EB686EACFE}.Debug|ARM.Build.0 = Debug|ARM
		{7DA47B48-ECE0-4022-A3B0-47EB686EACFE}.Debug|ARM.Deploy.0 = Debug|ARM
		{7DA47B48-ECE0-4022-A3B0-47EB686EACFE}.Debug|x64.ActiveCfg = Debug|x64
		{7DA47B48-ECE0-4022-A3B0-47EB686EACFE}.Debug|x64.Build.0 = Debug|x64
		{7DA47B48-ECE0-4022-A3B0-47EB686EACFE}.Debug|x64.Deploy.0 = Debug|x64
		{7DA47B48-ECE0-4022-A3B0-47EB686EACFE}.Debug|x86.ActiveCfg = Debug|x86
		{7DA47B48-ECE0-4022-A3B0-47EB686EACFE}.Debug|x86.Build.0 = Debug|x86
		{7DA47B48-ECE0-4022-A3B0-47EB686EACFE}.Debug|x86.Deploy.0 = Debug|x86
		{7DA47B48-ECE0-4022-A3B0-47EB686EACFE}.Release|ARM.ActiveCfg = Release|ARM
		{7DA47B48-ECE0-4022-A3B0-47EB686EACFE}.Release|ARM.Build.0 = Release|ARM
		{7DA47B48-ECE0-4022-A3B0-47EB686EACFE}.Release|ARM.Deploy.0 = Release|ARM
		{7DA47B48-ECE0-4022-A3B0-47EB686EACFE}.Release|x64.ActiveCfg = Release|x64
		{7DA47B48-ECE0-4022-A3B0-47EB686EACFE}.Release|x64.Build.0 = Release|x64
		{7DA47B48-ECE0-4022-A3B0-47EB686EACFE}.Release|x64.Deploy.0 = Release|x64
		{7DA47B48-ECE0-4022-A3B0-47EB686EACFE}.Release|x86.ActiveCfg = Release|x86
		{7DA47B48-ECE0-4022-A3B0-47EB686EACFE}.Release|x86.Build.0 = Release|x86
		{7DA47B48-ECE0-4022-A3B0-47EB686EACFE}.Release|x86.Deploy.0 = Release|x86
		{06135E4F-5A75-4894-B384-9CD5C631EA3B}.Debug|ARM.ActiveCfg = Debug|ARM
		{06135E4F-5A75-4894-B384-9CD5C631EA3B}.Debug|ARM.Build.0 = Debug|ARM
		{06135E4F-5A75-4894-B384-9CD5C631EA3B}.Debug|ARM.Deploy.0 = Debug|ARM
		{06135E4F-5A75-4894-B384-9CD5C631EA3B}.Debug|x64.ActiveCfg = Debug|x64
		{06135E4F-5A75-4894-B384-9CD5C631EA3B}.Debug|x64.Build.0 = Debug|x64
		{06135E4F-5A75-4894-B384-9CD5C631EA3B}.Debug|x64.Deploy.0 = Debug|x64
		{06135E4F-5A75-4894-B384-9CD5C631EA3B}.Debug|x86.ActiveCfg = Debug|x86
		{06135E4F-5A75-4894-B384-9CD5C631EA3B}.Debug|x86.Build.0 = Debug|x86
		{06135E4F-5A75-4894-B384-9CD5C631EA3B}.Debug|x86.Deploy.0 = Debug|x86
		{06135E4F-5A75-4894-B384-9CD5C631EA3B}.Release|ARM.ActiveCfg = Release|ARM
		{06135E4F-5A75-4894-B384-9CD5C631EA3B}.Release|ARM.Build.0 = Release|ARM
		{06135E4F-5A75-4894-B384-9CD5C631EA3B}.Release|ARM.Deploy.0 = Release|ARM
		{06135E4F-5A75-4894-B384-9CD5C631EA3B}.Release|x64.ActiveCfg = Release|x64
		{06135E4F-5A75-4894-B384-9CD5C631EA3B}.Release|x64.Build.0 = Release|x64
		{06135E4F-5A75-4894-B384-9CD5C631EA3B}.Release|x64.Deploy.0 = Release|x64
		{06135E4F-5A75-4894-B384-9CD5C631EA3B}.Release|x86.ActiveCfg = Release|x86
		{06135E4F-5A75-4894-B384-9CD5C631EA3B}.Release|x86.Build.0 = Release|x86
		{06135E4F-5A75-4894-B384-9CD5C631EA3B}.Release|x86.Deploy.0 = Release|x86
		{09B82180-F41C-415C-831D-D35B3D19AF87}.Debug|ARM.ActiveCfg = Debug|ARM
		{09B82180-F41C-415C-831D-D35B3D19AF87}.Debug|ARM.Build.0 = Debug|ARM
		{09B82180-F41C-415C-831D-D35B3D19AF87}.Debug|ARM.Deploy.0 = Debug|ARM
		{09B82180-F41C-415C-831D-D35B3D19AF87}.Debug|x64.ActiveCfg = Debug|x64
		{09B82180-F41C-415C-831D-D35B3D19AF87}.Debug|x64.Build.0 = Debug|x64
		{09B82180-F41C-415C-831D-D35B3D19AF87}.Debug|x64.Deploy.0 = Debug|x64
		{09B82180-F41C-415C-831D-D35B3D19AF87}.Debug|x86.ActiveCfg = Debug|x86
		{09B82180-F41C-415C-831D-D35B3D19AF87}.Debug|x86.Build.0 = Debug|x86
		{09B82180-F41C-415C-831D-D35B3D19AF87}.Debug|x86.Deploy.0 = Debug|x86
		{09B82180-F41C-415C-831D-D35B3D19AF87}.Release|ARM.ActiveCfg = Release|ARM
		{09B82180-F41C-415C-831D-D35B3D19AF87}.Release|ARM.Build.0 = Release|ARM
		{09B82180-F41C-415C-831D-D35B3D19AF87}.Release|ARM.Deploy.0 = Release|ARM
		{09B82180-F41C-415C-831D-D35B3D19AF87}.Release|x64.ActiveCfg = Release|x64
		{09B82180-F41C-415C-831D-D35B3D19AF87}.Release|x64.Build.0 = Release|x64
		{09B82180-F41C-415C-831D-D35B3D19AF87}.Release|x64.Deploy.0 = Release|x64
		{09B82180-F41C-415C-831D-D35B3D19AF87}.Release|x86.ActiveCfg = Release|x86
		{09B82180-F41C-415C-831D-D35B3D19AF87}.Release|x86.Build.0 = Release|x86
		{09B82180-F41C-415C-831D-D35B3D19AF87}.Release|x86.Deploy.0 = Release|x86
		{CB02432C-5E87-4459-B949-4616BC746D5A}.Debug|ARM.ActiveCfg = Debug|ARM
		{CB02432C-5E87-4459-B949-4616BC746D5A}.Debug|ARM.Build.0 = Debug|ARM
		{CB02432C-5E87-4459-B949-4616BC746D5A}.Debug|ARM.Deploy.0 = Debug|ARM
		{CB02432C-5E87-4459-B949-4616BC746D5A}.Debug|x64.ActiveCfg = Debug|x64
		{CB02432C-5E87-4459-B949-4616BC746D5A}.Debug|x64.Build.0 = Debug|x64
		{CB02432C-5E87-4459-B949-4616BC746D5A}.Debug|x64.Deploy.0 = Debug|x64
		{CB02432C-5E87-4459-B949-4616BC746D5A}.Debug|x86.ActiveCfg = Debug|x86
		{CB02432C-5E87-4459-B949-4616BC746D5A}.Debug|x86.Build.0 = Debug|x86
		{CB02432C-5E87-4459-B949-4616BC746D5A}.Debug|x86.Deploy.0 = Debug|x86
		{CB02432C-5E87-4459-B949-4616BC746D5A}.Release|ARM.ActiveCfg = Release|ARM
		{CB02432C-5E87-4459-B949-4616BC746D5A}.Release|ARM.Build.0 = Release|ARM
		{CB02432C-5E87-4459-B949-4616BC746D5A}.Release|ARM.Deploy.0 = Release|ARM
		{CB02432C-5E87-4459-B949-4616BC746D5A}.Release|x64.ActiveCfg = Release|x64
		{CB02432C-5E87-4459-B949-4616BC746D5A}.Release|x64.Build.0 = Release|x64
		{CB02432C-5E87-4459-B949-4616BC746D5A}.Release|x64.Deploy.0 = Release|x64
		{CB02432C-5E87-4459-B949-4616BC746D5A}.Release|x86.ActiveCfg = Release|x86
		{CB02432C-5E87-4459-B949-4616BC746D5A}.Release|x86.Build.0 = Release|x86
		{CB02432C-5E87-4459-B949-4616BC746D5A}.Release|x86.Deploy.0 = Release|x86
		{91C8B1D0-9DE2-4A72-A6C2-79F7FC9CE443}.Debug|ARM.ActiveCfg = Debug|ARM
		{91C8B1D0-9DE2-4A72-A6C2-79F7FC9CE443}.Debug|ARM.Build.0 = Debug|ARM
		{91C8B1D0-9DE2-4A72-A6C2-79F7FC9CE443}.Debug|ARM.Deploy.0 = Debug|ARM
		{91C8B1D0-9DE2-4A72-A6C2-79F7FC9CE443}.Debug|x64.ActiveCfg = Debug|x64
		{91C8B1D0-9DE2-4A72-A6C2-79F7FC9CE443}.Debug|x64.Build.0 = Debug|x64
		{91C8B1D0-9DE2-4A72-A6C2-79F7FC9CE443}.Debug|x64.Deploy.0 = Debug|x64
		{91C8B1D0-9DE2-4A72-A6C2-79F7FC9CE443}.Debug|x86.ActiveCfg = Debug|x86
		{91C8B1D0-9DE2-4A72-A6C2-79F7FC9CE443}.Debug|x86.Build.0 = Debug|x86
		{91C8B1D0-9DE2-4A72-A6C2-79F7FC9CE443}.Debug|x86.Deploy.0 = Debug|x86
		{91C8B1D0-9DE2-4A72-A6C2-79F7FC9CE443}.Release|ARM.ActiveCfg = Release|ARM
		{91C8B1D0-9DE2-4A72-A6C2-79F7FC9CE443}.Release|ARM.Build.0 = Release|ARM
		{91C8B1D0-9DE2-4A72-A6C2-79F7FC9CE443}.Release|ARM.Deploy.0 = Release|ARM
		{91C8B1D0-9DE2-4A72-A6C2-79F7FC9CE443}.Release|x64.ActiveCfg = Release|x64
		{91C8B1D0-9DE2-4A72-A6C2-79F7FC9CE443}.Release|x64.Build.0 = Release|x64
		{91C8B1D0-9DE2-4A72-A6C2-79F7FC9CE443}.Release|x64.Deploy.0 = Release|x64
		{91C8B1D0-9DE2-4A72-A6C2-79F7FC9CE443}.Release|x86.ActiveCfg = Release|x86
		{91C8B1D0-9DE2-4A72-A6C2-79F7FC9CE443}.Release|x86.Build.0 = Release|x86
		{91C8B1D0-9DE2-4A72-A6C2-79F7FC9CE443}.Release|x86.Deploy.0 = Release|x86
	EndGlobalSection
	GlobalSection(SolutionProperties) = preSolution
		HideSolutionNode = FALSE
	EndGlobalSection
EndGlobal
