
Microsoft Visual Studio Solution File, Format Version 12.00
# Visual Studio 14
VisualStudioVersion = 14.0.24720.0
MinimumVisualStudioVersion = 10.0.40219.1
Project("{FAE04EC0-301F-11D3-BF4B-00C04F79EFBC}") = "HelloWorld", "HelloWorld\HelloWorld.csproj", "{72A29FE9-8802-4952-8885-2DCE6274CDAD}"
EndProject
Project("{FAE04EC0-301F-11D3-BF4B-00C04F79EFBC}") = "SimpleStackPanel", "SimpleStackPanel\SimpleStackPanel.csproj", "{7C49D446-3279-4819-903C-E350AF382B65}"
EndProject
Project("{FAE04EC0-301F-11D3-BF4B-00C04F79EFBC}") = "LaudableLayoutChallange", "LaudableLayoutChallange\LaudableLayoutChallange.csproj", "{AECD99F3-3EE8-4930-9D74-6C6B6572BE21}"
EndProject
Project("{FAE04EC0-301F-11D3-BF4B-00C04F79EFBC}") = "LegendaryLayoutChallange", "LegendaryLayoutChallange\LegendaryLayoutChallange.csproj", "{682CB582-91F3-45B9-BDED-08B166C734E7}"
EndProject
Project("{FAE04EC0-301F-11D3-BF4B-00C04F79EFBC}") = "LaboriousLayoutChallange", "LaboriousLayoutChallange\LaboriousLayoutChallange.csproj", "{716A1F61-7612-4F09-81C6-B4C466AA1D4B}"
EndProject
Project("{FAE04EC0-301F-11D3-BF4B-00C04F79EFBC}") = "RelativePanel-And-SplitView", "RelativePanel-And-SplitView\RelativePanel-And-SplitView.csproj", "{DEE5427F-BA80-4BF9-BCEE-8B1D820F2F02}"
EndProject
Project("{FAE04EC0-301F-11D3-BF4B-00C04F79EFBC}") = "NavigationExample-Tutorial", "NavigationExample-Tutorial\NavigationExample-Tutorial.csproj", "{AAA0192D-2FD1-4F1C-B78F-E180FB1BC8D2}"
EndProject
Project("{FAE04EC0-301F-11D3-BF4B-00C04F79EFBC}") = "ControlsExamplepart1", "ControlsExamplepart1\ControlsExamplepart1.csproj", "{C04C0D7D-9BE3-4B0C-B85F-CC6EE757C62A}"
EndProject
Global
	GlobalSection(SolutionConfigurationPlatforms) = preSolution
		Debug|ARM = Debug|ARM
		Debug|x64 = Debug|x64
		Debug|x86 = Debug|x86
		Release|ARM = Release|ARM
		Release|x64 = Release|x64
		Release|x86 = Release|x86
	EndGlobalSection
	GlobalSection(ProjectConfigurationPlatforms) = postSolution
		{72A29FE9-8802-4952-8885-2DCE6274CDAD}.Debug|ARM.ActiveCfg = Debug|ARM
		{72A29FE9-8802-4952-8885-2DCE6274CDAD}.Debug|ARM.Build.0 = Debug|ARM
		{72A29FE9-8802-4952-8885-2DCE6274CDAD}.Debug|ARM.Deploy.0 = Debug|ARM
		{72A29FE9-8802-4952-8885-2DCE6274CDAD}.Debug|x64.ActiveCfg = Debug|x64
		{72A29FE9-8802-4952-8885-2DCE6274CDAD}.Debug|x64.Build.0 = Debug|x64
		{72A29FE9-8802-4952-8885-2DCE6274CDAD}.Debug|x64.Deploy.0 = Debug|x64
		{72A29FE9-8802-4952-8885-2DCE6274CDAD}.Debug|x86.ActiveCfg = Debug|x86
		{72A29FE9-8802-4952-8885-2DCE6274CDAD}.Debug|x86.Build.0 = Debug|x86
		{72A29FE9-8802-4952-8885-2DCE6274CDAD}.Debug|x86.Deploy.0 = Debug|x86
		{72A29FE9-8802-4952-8885-2DCE6274CDAD}.Release|ARM.ActiveCfg = Release|ARM
		{72A29FE9-8802-4952-8885-2DCE6274CDAD}.Release|ARM.Build.0 = Release|ARM
		{72A29FE9-8802-4952-8885-2DCE6274CDAD}.Release|ARM.Deploy.0 = Release|ARM
		{72A29FE9-8802-4952-8885-2DCE6274CDAD}.Release|x64.ActiveCfg = Release|x64
		{72A29FE9-8802-4952-8885-2DCE6274CDAD}.Release|x64.Build.0 = Release|x64
		{72A29FE9-8802-4952-8885-2DCE6274CDAD}.Release|x64.Deploy.0 = Release|x64
		{72A29FE9-8802-4952-8885-2DCE6274CDAD}.Release|x86.ActiveCfg = Release|x86
		{72A29FE9-8802-4952-8885-2DCE6274CDAD}.Release|x86.Build.0 = Release|x86
		{72A29FE9-8802-4952-8885-2DCE6274CDAD}.Release|x86.Deploy.0 = Release|x86
		{7C49D446-3279-4819-903C-E350AF382B65}.Debug|ARM.ActiveCfg = Debug|ARM
		{7C49D446-3279-4819-903C-E350AF382B65}.Debug|ARM.Build.0 = Debug|ARM
		{7C49D446-3279-4819-903C-E350AF382B65}.Debug|ARM.Deploy.0 = Debug|ARM
		{7C49D446-3279-4819-903C-E350AF382B65}.Debug|x64.ActiveCfg = Debug|x64
		{7C49D446-3279-4819-903C-E350AF382B65}.Debug|x64.Build.0 = Debug|x64
		{7C49D446-3279-4819-903C-E350AF382B65}.Debug|x64.Deploy.0 = Debug|x64
		{7C49D446-3279-4819-903C-E350AF382B65}.Debug|x86.ActiveCfg = Debug|x86
		{7C49D446-3279-4819-903C-E350AF382B65}.Debug|x86.Build.0 = Debug|x86
		{7C49D446-3279-4819-903C-E350AF382B65}.Debug|x86.Deploy.0 = Debug|x86
		{7C49D446-3279-4819-903C-E350AF382B65}.Release|ARM.ActiveCfg = Release|ARM
		{7C49D446-3279-4819-903C-E350AF382B65}.Release|ARM.Build.0 = Release|ARM
		{7C49D446-3279-4819-903C-E350AF382B65}.Release|ARM.Deploy.0 = Release|ARM
		{7C49D446-3279-4819-903C-E350AF382B65}.Release|x64.ActiveCfg = Release|x64
		{7C49D446-3279-4819-903C-E350AF382B65}.Release|x64.Build.0 = Release|x64
		{7C49D446-3279-4819-903C-E350AF382B65}.Release|x64.Deploy.0 = Release|x64
		{7C49D446-3279-4819-903C-E350AF382B65}.Release|x86.ActiveCfg = Release|x86
		{7C49D446-3279-4819-903C-E350AF382B65}.Release|x86.Build.0 = Release|x86
		{7C49D446-3279-4819-903C-E350AF382B65}.Release|x86.Deploy.0 = Release|x86
		{AECD99F3-3EE8-4930-9D74-6C6B6572BE21}.Debug|ARM.ActiveCfg = Debug|ARM
		{AECD99F3-3EE8-4930-9D74-6C6B6572BE21}.Debug|ARM.Build.0 = Debug|ARM
		{AECD99F3-3EE8-4930-9D74-6C6B6572BE21}.Debug|ARM.Deploy.0 = Debug|ARM
		{AECD99F3-3EE8-4930-9D74-6C6B6572BE21}.Debug|x64.ActiveCfg = Debug|x64
		{AECD99F3-3EE8-4930-9D74-6C6B6572BE21}.Debug|x64.Build.0 = Debug|x64
		{AECD99F3-3EE8-4930-9D74-6C6B6572BE21}.Debug|x64.Deploy.0 = Debug|x64
		{AECD99F3-3EE8-4930-9D74-6C6B6572BE21}.Debug|x86.ActiveCfg = Debug|x86
		{AECD99F3-3EE8-4930-9D74-6C6B6572BE21}.Debug|x86.Build.0 = Debug|x86
		{AECD99F3-3EE8-4930-9D74-6C6B6572BE21}.Debug|x86.Deploy.0 = Debug|x86
		{AECD99F3-3EE8-4930-9D74-6C6B6572BE21}.Release|ARM.ActiveCfg = Release|ARM
		{AECD99F3-3EE8-4930-9D74-6C6B6572BE21}.Release|ARM.Build.0 = Release|ARM
		{AECD99F3-3EE8-4930-9D74-6C6B6572BE21}.Release|ARM.Deploy.0 = Release|ARM
		{AECD99F3-3EE8-4930-9D74-6C6B6572BE21}.Release|x64.ActiveCfg = Release|x64
		{AECD99F3-3EE8-4930-9D74-6C6B6572BE21}.Release|x64.Build.0 = Release|x64
		{AECD99F3-3EE8-4930-9D74-6C6B6572BE21}.Release|x64.Deploy.0 = Release|x64
		{AECD99F3-3EE8-4930-9D74-6C6B6572BE21}.Release|x86.ActiveCfg = Release|x86
		{AECD99F3-3EE8-4930-9D74-6C6B6572BE21}.Release|x86.Build.0 = Release|x86
		{AECD99F3-3EE8-4930-9D74-6C6B6572BE21}.Release|x86.Deploy.0 = Release|x86
		{682CB582-91F3-45B9-BDED-08B166C734E7}.Debug|ARM.ActiveCfg = Debug|ARM
		{682CB582-91F3-45B9-BDED-08B166C734E7}.Debug|ARM.Build.0 = Debug|ARM
		{682CB582-91F3-45B9-BDED-08B166C734E7}.Debug|ARM.Deploy.0 = Debug|ARM
		{682CB582-91F3-45B9-BDED-08B166C734E7}.Debug|x64.ActiveCfg = Debug|x64
		{682CB582-91F3-45B9-BDED-08B166C734E7}.Debug|x64.Build.0 = Debug|x64
		{682CB582-91F3-45B9-BDED-08B166C734E7}.Debug|x64.Deploy.0 = Debug|x64
		{682CB582-91F3-45B9-BDED-08B166C734E7}.Debug|x86.ActiveCfg = Debug|x86
		{682CB582-91F3-45B9-BDED-08B166C734E7}.Debug|x86.Build.0 = Debug|x86
		{682CB582-91F3-45B9-BDED-08B166C734E7}.Debug|x86.Deploy.0 = Debug|x86
		{682CB582-91F3-45B9-BDED-08B166C734E7}.Release|ARM.ActiveCfg = Release|ARM
		{682CB582-91F3-45B9-BDED-08B166C734E7}.Release|ARM.Build.0 = Release|ARM
		{682CB582-91F3-45B9-BDED-08B166C734E7}.Release|ARM.Deploy.0 = Release|ARM
		{682CB582-91F3-45B9-BDED-08B166C734E7}.Release|x64.ActiveCfg = Release|x64
		{682CB582-91F3-45B9-BDED-08B166C734E7}.Release|x64.Build.0 = Release|x64
		{682CB582-91F3-45B9-BDED-08B166C734E7}.Release|x64.Deploy.0 = Release|x64
		{682CB582-91F3-45B9-BDED-08B166C734E7}.Release|x86.ActiveCfg = Release|x86
		{682CB582-91F3-45B9-BDED-08B166C734E7}.Release|x86.Build.0 = Release|x86
		{682CB582-91F3-45B9-BDED-08B166C734E7}.Release|x86.Deploy.0 = Release|x86
		{716A1F61-7612-4F09-81C6-B4C466AA1D4B}.Debug|ARM.ActiveCfg = Debug|ARM
		{716A1F61-7612-4F09-81C6-B4C466AA1D4B}.Debug|ARM.Build.0 = Debug|ARM
		{716A1F61-7612-4F09-81C6-B4C466AA1D4B}.Debug|ARM.Deploy.0 = Debug|ARM
		{716A1F61-7612-4F09-81C6-B4C466AA1D4B}.Debug|x64.ActiveCfg = Debug|x64
		{716A1F61-7612-4F09-81C6-B4C466AA1D4B}.Debug|x64.Build.0 = Debug|x64
		{716A1F61-7612-4F09-81C6-B4C466AA1D4B}.Debug|x64.Deploy.0 = Debug|x64
		{716A1F61-7612-4F09-81C6-B4C466AA1D4B}.Debug|x86.ActiveCfg = Debug|x86
		{716A1F61-7612-4F09-81C6-B4C466AA1D4B}.Debug|x86.Build.0 = Debug|x86
		{716A1F61-7612-4F09-81C6-B4C466AA1D4B}.Debug|x86.Deploy.0 = Debug|x86
		{716A1F61-7612-4F09-81C6-B4C466AA1D4B}.Release|ARM.ActiveCfg = Release|ARM
		{716A1F61-7612-4F09-81C6-B4C466AA1D4B}.Release|ARM.Build.0 = Release|ARM
		{716A1F61-7612-4F09-81C6-B4C466AA1D4B}.Release|ARM.Deploy.0 = Release|ARM
		{716A1F61-7612-4F09-81C6-B4C466AA1D4B}.Release|x64.ActiveCfg = Release|x64
		{716A1F61-7612-4F09-81C6-B4C466AA1D4B}.Release|x64.Build.0 = Release|x64
		{716A1F61-7612-4F09-81C6-B4C466AA1D4B}.Release|x64.Deploy.0 = Release|x64
		{716A1F61-7612-4F09-81C6-B4C466AA1D4B}.Release|x86.ActiveCfg = Release|x86
		{716A1F61-7612-4F09-81C6-B4C466AA1D4B}.Release|x86.Build.0 = Release|x86
		{716A1F61-7612-4F09-81C6-B4C466AA1D4B}.Release|x86.Deploy.0 = Release|x86
		{DEE5427F-BA80-4BF9-BCEE-8B1D820F2F02}.Debug|ARM.ActiveCfg = Debug|ARM
		{DEE5427F-BA80-4BF9-BCEE-8B1D820F2F02}.Debug|ARM.Build.0 = Debug|ARM
		{DEE5427F-BA80-4BF9-BCEE-8B1D820F2F02}.Debug|ARM.Deploy.0 = Debug|ARM
		{DEE5427F-BA80-4BF9-BCEE-8B1D820F2F02}.Debug|x64.ActiveCfg = Debug|x64
		{DEE5427F-BA80-4BF9-BCEE-8B1D820F2F02}.Debug|x64.Build.0 = Debug|x64
		{DEE5427F-BA80-4BF9-BCEE-8B1D820F2F02}.Debug|x64.Deploy.0 = Debug|x64
		{DEE5427F-BA80-4BF9-BCEE-8B1D820F2F02}.Debug|x86.ActiveCfg = Debug|x86
		{DEE5427F-BA80-4BF9-BCEE-8B1D820F2F02}.Debug|x86.Build.0 = Debug|x86
		{DEE5427F-BA80-4BF9-BCEE-8B1D820F2F02}.Debug|x86.Deploy.0 = Debug|x86
		{DEE5427F-BA80-4BF9-BCEE-8B1D820F2F02}.Release|ARM.ActiveCfg = Release|ARM
		{DEE5427F-BA80-4BF9-BCEE-8B1D820F2F02}.Release|ARM.Build.0 = Release|ARM
		{DEE5427F-BA80-4BF9-BCEE-8B1D820F2F02}.Release|ARM.Deploy.0 = Release|ARM
		{DEE5427F-BA80-4BF9-BCEE-8B1D820F2F02}.Release|x64.ActiveCfg = Release|x64
		{DEE5427F-BA80-4BF9-BCEE-8B1D820F2F02}.Release|x64.Build.0 = Release|x64
		{DEE5427F-BA80-4BF9-BCEE-8B1D820F2F02}.Release|x64.Deploy.0 = Release|x64
		{DEE5427F-BA80-4BF9-BCEE-8B1D820F2F02}.Release|x86.ActiveCfg = Release|x86
		{DEE5427F-BA80-4BF9-BCEE-8B1D820F2F02}.Release|x86.Build.0 = Release|x86
		{DEE5427F-BA80-4BF9-BCEE-8B1D820F2F02}.Release|x86.Deploy.0 = Release|x86
		{AAA0192D-2FD1-4F1C-B78F-E180FB1BC8D2}.Debug|ARM.ActiveCfg = Debug|ARM
		{AAA0192D-2FD1-4F1C-B78F-E180FB1BC8D2}.Debug|ARM.Build.0 = Debug|ARM
		{AAA0192D-2FD1-4F1C-B78F-E180FB1BC8D2}.Debug|ARM.Deploy.0 = Debug|ARM
		{AAA0192D-2FD1-4F1C-B78F-E180FB1BC8D2}.Debug|x64.ActiveCfg = Debug|x64
		{AAA0192D-2FD1-4F1C-B78F-E180FB1BC8D2}.Debug|x64.Build.0 = Debug|x64
		{AAA0192D-2FD1-4F1C-B78F-E180FB1BC8D2}.Debug|x64.Deploy.0 = Debug|x64
		{AAA0192D-2FD1-4F1C-B78F-E180FB1BC8D2}.Debug|x86.ActiveCfg = Debug|x86
		{AAA0192D-2FD1-4F1C-B78F-E180FB1BC8D2}.Debug|x86.Build.0 = Debug|x86
		{AAA0192D-2FD1-4F1C-B78F-E180FB1BC8D2}.Debug|x86.Deploy.0 = Debug|x86
		{AAA0192D-2FD1-4F1C-B78F-E180FB1BC8D2}.Release|ARM.ActiveCfg = Release|ARM
		{AAA0192D-2FD1-4F1C-B78F-E180FB1BC8D2}.Release|ARM.Build.0 = Release|ARM
		{AAA0192D-2FD1-4F1C-B78F-E180FB1BC8D2}.Release|ARM.Deploy.0 = Release|ARM
		{AAA0192D-2FD1-4F1C-B78F-E180FB1BC8D2}.Release|x64.ActiveCfg = Release|x64
		{AAA0192D-2FD1-4F1C-B78F-E180FB1BC8D2}.Release|x64.Build.0 = Release|x64
		{AAA0192D-2FD1-4F1C-B78F-E180FB1BC8D2}.Release|x64.Deploy.0 = Release|x64
		{AAA0192D-2FD1-4F1C-B78F-E180FB1BC8D2}.Release|x86.ActiveCfg = Release|x86
		{AAA0192D-2FD1-4F1C-B78F-E180FB1BC8D2}.Release|x86.Build.0 = Release|x86
		{AAA0192D-2FD1-4F1C-B78F-E180FB1BC8D2}.Release|x86.Deploy.0 = Release|x86
		{C04C0D7D-9BE3-4B0C-B85F-CC6EE757C62A}.Debug|ARM.ActiveCfg = Debug|ARM
		{C04C0D7D-9BE3-4B0C-B85F-CC6EE757C62A}.Debug|ARM.Build.0 = Debug|ARM
		{C04C0D7D-9BE3-4B0C-B85F-CC6EE757C62A}.Debug|ARM.Deploy.0 = Debug|ARM
		{C04C0D7D-9BE3-4B0C-B85F-CC6EE757C62A}.Debug|x64.ActiveCfg = Debug|x64
		{C04C0D7D-9BE3-4B0C-B85F-CC6EE757C62A}.Debug|x64.Build.0 = Debug|x64
		{C04C0D7D-9BE3-4B0C-B85F-CC6EE757C62A}.Debug|x64.Deploy.0 = Debug|x64
		{C04C0D7D-9BE3-4B0C-B85F-CC6EE757C62A}.Debug|x86.ActiveCfg = Debug|x86
		{C04C0D7D-9BE3-4B0C-B85F-CC6EE757C62A}.Debug|x86.Build.0 = Debug|x86
		{C04C0D7D-9BE3-4B0C-B85F-CC6EE757C62A}.Debug|x86.Deploy.0 = Debug|x86
		{C04C0D7D-9BE3-4B0C-B85F-CC6EE757C62A}.Release|ARM.ActiveCfg = Release|ARM
		{C04C0D7D-9BE3-4B0C-B85F-CC6EE757C62A}.Release|ARM.Build.0 = Release|ARM
		{C04C0D7D-9BE3-4B0C-B85F-CC6EE757C62A}.Release|ARM.Deploy.0 = Release|ARM
		{C04C0D7D-9BE3-4B0C-B85F-CC6EE757C62A}.Release|x64.ActiveCfg = Release|x64
		{C04C0D7D-9BE3-4B0C-B85F-CC6EE757C62A}.Release|x64.Build.0 = Release|x64
		{C04C0D7D-9BE3-4B0C-B85F-CC6EE757C62A}.Release|x64.Deploy.0 = Release|x64
		{C04C0D7D-9BE3-4B0C-B85F-CC6EE757C62A}.Release|x86.ActiveCfg = Release|x86
		{C04C0D7D-9BE3-4B0C-B85F-CC6EE757C62A}.Release|x86.Build.0 = Release|x86
		{C04C0D7D-9BE3-4B0C-B85F-CC6EE757C62A}.Release|x86.Deploy.0 = Release|x86
	EndGlobalSection
	GlobalSection(SolutionProperties) = preSolution
		HideSolutionNode = FALSE
	EndGlobalSection
EndGlobal
